
Microsoft Visual Studio Solution File, Format Version 12.00
# Visual Studio 2012
Project("{F184B08F-C81C-45F6-A57F-5ABD9991F28F}") = "NFe", "NFe\NFe.vbproj", "{1E202820-7465-437C-844D-3E05A9811BE3}"
EndProject
Project("{2150E333-8FDC-42A3-9474-1A3956D46DE8}") = "Domain", "Domain", "{245B79BD-9047-4055-9810-E6DFAC9F9DC0}"
EndProject
Project("{2150E333-8FDC-42A3-9474-1A3956D46DE8}") = "Others", "Others", "{9A83C4A0-FD8C-4B26-90B0-375FE9CEE513}"
EndProject
Project("{2150E333-8FDC-42A3-9474-1A3956D46DE8}") = "App", "App", "{74E8FDDC-A88E-4F5E-B2D4-AD2565C418EA}"
EndProject
Project("{2150E333-8FDC-42A3-9474-1A3956D46DE8}") = "Helpers", "Helpers", "{8EF651D5-0691-4BD3-9A37-BCF774CE0BB8}"
EndProject
Project("{2150E333-8FDC-42A3-9474-1A3956D46DE8}") = "Repositories", "Repositories", "{87EDD203-761B-4118-87AB-63193AB4723C}"
EndProject
Project("{2150E333-8FDC-42A3-9474-1A3956D46DE8}") = "Startup", "Startup", "{6588790A-EBC1-4DF7-8671-EE3CE14318BF}"
EndProject
Project("{2150E333-8FDC-42A3-9474-1A3956D46DE8}") = "UI", "UI", "{1F6F5AD6-552B-4D30-8269-FFAAE4229CB0}"
EndProject
Project("{FAE04EC0-301F-11D3-BF4B-00C04F79EFBC}") = "NFe.App", "NFe.App\NFe.App.csproj", "{270E9A38-94D0-458C-BEE7-0D9E76744478}"
EndProject
Project("{FAE04EC0-301F-11D3-BF4B-00C04F79EFBC}") = "NFe.App.Tests", "NFe.App.Tests\NFe.App.Tests.csproj", "{06E85725-3617-49F4-97ED-D8204716E3B1}"
EndProject
Project("{FAE04EC0-301F-11D3-BF4B-00C04F79EFBC}") = "NFe.Domain", "NFe.Domain\NFe.Domain.csproj", "{3633FDCE-913C-4956-AF51-D0CE27AB3C02}"
EndProject
Project("{FAE04EC0-301F-11D3-BF4B-00C04F79EFBC}") = "NFe.Domain.Tests", "NFe.Domain.Tests\NFe.Domain.Tests.csproj", "{70523EA1-A574-4540-8D2A-7EA40780EFFF}"
EndProject
Project("{FAE04EC0-301F-11D3-BF4B-00C04F79EFBC}") = "NFe.Helpers", "NFe.Helpers\NFe.Helpers.csproj", "{9840841D-C182-42F3-BCFA-BE2B6C3FE001}"
EndProject
Project("{FAE04EC0-301F-11D3-BF4B-00C04F79EFBC}") = "NFe.Helpers.Tests", "NFe.Helpers.Test\NFe.Helpers.Tests.csproj", "{45F4336C-2EE1-4B19-AB2E-D67CE67A2711}"
EndProject
Project("{FAE04EC0-301F-11D3-BF4B-00C04F79EFBC}") = "NFe.Repositories", "NFe.Repositories\NFe.Repositories.csproj", "{4AF8E94F-BC5A-4329-8D08-BD7A7BD24591}"
EndProject
Project("{FAE04EC0-301F-11D3-BF4B-00C04F79EFBC}") = "NFe.Repositories.Tests", "NFe.Repositories.Tests\NFe.Repositories.Tests.csproj", "{15DD5B8E-24FE-465E-B8ED-22C8217F5ADB}"
EndProject
Project("{FAE04EC0-301F-11D3-BF4B-00C04F79EFBC}") = "NFe.Startup", "NFe.Startup\NFe.Startup.csproj", "{AEC88329-27A3-413A-B95B-D345271B295C}"
EndProject
Project("{FAE04EC0-301F-11D3-BF4B-00C04F79EFBC}") = "NFe.Startup.Tests", "NFe.Startup.Tests\NFe.Startup.Tests.csproj", "{1DAD4AA8-B344-48E5-AC78-4AC1C2653FB0}"
EndProject
Project("{FAE04EC0-301F-11D3-BF4B-00C04F79EFBC}") = "NFe.Console", "NFe.Console\NFe.Console.csproj", "{F3902F77-A93D-41EA-B95F-CF33367041F1}"
EndProject
Global
	GlobalSection(SolutionConfigurationPlatforms) = preSolution
		Debug|Any CPU = Debug|Any CPU
		Release|Any CPU = Release|Any CPU
	EndGlobalSection
	GlobalSection(ProjectConfigurationPlatforms) = postSolution
		{1E202820-7465-437C-844D-3E05A9811BE3}.Debug|Any CPU.ActiveCfg = Debug|Any CPU
		{1E202820-7465-437C-844D-3E05A9811BE3}.Debug|Any CPU.Build.0 = Debug|Any CPU
		{1E202820-7465-437C-844D-3E05A9811BE3}.Release|Any CPU.ActiveCfg = Release|Any CPU
		{1E202820-7465-437C-844D-3E05A9811BE3}.Release|Any CPU.Build.0 = Release|Any CPU
		{270E9A38-94D0-458C-BEE7-0D9E76744478}.Debug|Any CPU.ActiveCfg = Debug|Any CPU
		{270E9A38-94D0-458C-BEE7-0D9E76744478}.Debug|Any CPU.Build.0 = Debug|Any CPU
		{270E9A38-94D0-458C-BEE7-0D9E76744478}.Release|Any CPU.ActiveCfg = Release|Any CPU
		{270E9A38-94D0-458C-BEE7-0D9E76744478}.Release|Any CPU.Build.0 = Release|Any CPU
		{06E85725-3617-49F4-97ED-D8204716E3B1}.Debug|Any CPU.ActiveCfg = Debug|Any CPU
		{06E85725-3617-49F4-97ED-D8204716E3B1}.Debug|Any CPU.Build.0 = Debug|Any CPU
		{06E85725-3617-49F4-97ED-D8204716E3B1}.Release|Any CPU.ActiveCfg = Release|Any CPU
		{06E85725-3617-49F4-97ED-D8204716E3B1}.Release|Any CPU.Build.0 = Release|Any CPU
		{3633FDCE-913C-4956-AF51-D0CE27AB3C02}.Debug|Any CPU.ActiveCfg = Debug|Any CPU
		{3633FDCE-913C-4956-AF51-D0CE27AB3C02}.Debug|Any CPU.Build.0 = Debug|Any CPU
		{3633FDCE-913C-4956-AF51-D0CE27AB3C02}.Release|Any CPU.ActiveCfg = Release|Any CPU
		{3633FDCE-913C-4956-AF51-D0CE27AB3C02}.Release|Any CPU.Build.0 = Release|Any CPU
		{70523EA1-A574-4540-8D2A-7EA40780EFFF}.Debug|Any CPU.ActiveCfg = Debug|Any CPU
		{70523EA1-A574-4540-8D2A-7EA40780EFFF}.Debug|Any CPU.Build.0 = Debug|Any CPU
		{70523EA1-A574-4540-8D2A-7EA40780EFFF}.Release|Any CPU.ActiveCfg = Release|Any CPU
		{70523EA1-A574-4540-8D2A-7EA40780EFFF}.Release|Any CPU.Build.0 = Release|Any CPU
		{9840841D-C182-42F3-BCFA-BE2B6C3FE001}.Debug|Any CPU.ActiveCfg = Debug|Any CPU
		{9840841D-C182-42F3-BCFA-BE2B6C3FE001}.Debug|Any CPU.Build.0 = Debug|Any CPU
		{9840841D-C182-42F3-BCFA-BE2B6C3FE001}.Release|Any CPU.ActiveCfg = Release|Any CPU
		{9840841D-C182-42F3-BCFA-BE2B6C3FE001}.Release|Any CPU.Build.0 = Release|Any CPU
		{45F4336C-2EE1-4B19-AB2E-D67CE67A2711}.Debug|Any CPU.ActiveCfg = Debug|Any CPU
		{45F4336C-2EE1-4B19-AB2E-D67CE67A2711}.Debug|Any CPU.Build.0 = Debug|Any CPU
		{45F4336C-2EE1-4B19-AB2E-D67CE67A2711}.Release|Any CPU.ActiveCfg = Release|Any CPU
		{45F4336C-2EE1-4B19-AB2E-D67CE67A2711}.Release|Any CPU.Build.0 = Release|Any CPU
		{4AF8E94F-BC5A-4329-8D08-BD7A7BD24591}.Debug|Any CPU.ActiveCfg = Debug|Any CPU
		{4AF8E94F-BC5A-4329-8D08-BD7A7BD24591}.Debug|Any CPU.Build.0 = Debug|Any CPU
		{4AF8E94F-BC5A-4329-8D08-BD7A7BD24591}.Release|Any CPU.ActiveCfg = Release|Any CPU
		{4AF8E94F-BC5A-4329-8D08-BD7A7BD24591}.Release|Any CPU.Build.0 = Release|Any CPU
		{15DD5B8E-24FE-465E-B8ED-22C8217F5ADB}.Debug|Any CPU.ActiveCfg = Debug|Any CPU
		{15DD5B8E-24FE-465E-B8ED-22C8217F5ADB}.Debug|Any CPU.Build.0 = Debug|Any CPU
		{15DD5B8E-24FE-465E-B8ED-22C8217F5ADB}.Release|Any CPU.ActiveCfg = Release|Any CPU
		{15DD5B8E-24FE-465E-B8ED-22C8217F5ADB}.Release|Any CPU.Build.0 = Release|Any CPU
		{AEC88329-27A3-413A-B95B-D345271B295C}.Debug|Any CPU.ActiveCfg = Debug|Any CPU
		{AEC88329-27A3-413A-B95B-D345271B295C}.Debug|Any CPU.Build.0 = Debug|Any CPU
		{AEC88329-27A3-413A-B95B-D345271B295C}.Release|Any CPU.ActiveCfg = Release|Any CPU
		{AEC88329-27A3-413A-B95B-D345271B295C}.Release|Any CPU.Build.0 = Release|Any CPU
		{1DAD4AA8-B344-48E5-AC78-4AC1C2653FB0}.Debug|Any CPU.ActiveCfg = Debug|Any CPU
		{1DAD4AA8-B344-48E5-AC78-4AC1C2653FB0}.Debug|Any CPU.Build.0 = Debug|Any CPU
		{1DAD4AA8-B344-48E5-AC78-4AC1C2653FB0}.Release|Any CPU.ActiveCfg = Release|Any CPU
		{1DAD4AA8-B344-48E5-AC78-4AC1C2653FB0}.Release|Any CPU.Build.0 = Release|Any CPU
		{F3902F77-A93D-41EA-B95F-CF33367041F1}.Debug|Any CPU.ActiveCfg = Debug|Any CPU
		{F3902F77-A93D-41EA-B95F-CF33367041F1}.Debug|Any CPU.Build.0 = Debug|Any CPU
		{F3902F77-A93D-41EA-B95F-CF33367041F1}.Release|Any CPU.ActiveCfg = Release|Any CPU
		{F3902F77-A93D-41EA-B95F-CF33367041F1}.Release|Any CPU.Build.0 = Release|Any CPU
	EndGlobalSection
	GlobalSection(SolutionProperties) = preSolution
		HideSolutionNode = FALSE
	EndGlobalSection
	GlobalSection(NestedProjects) = preSolution
		{3633FDCE-913C-4956-AF51-D0CE27AB3C02} = {245B79BD-9047-4055-9810-E6DFAC9F9DC0}
		{70523EA1-A574-4540-8D2A-7EA40780EFFF} = {245B79BD-9047-4055-9810-E6DFAC9F9DC0}
		{1E202820-7465-437C-844D-3E05A9811BE3} = {9A83C4A0-FD8C-4B26-90B0-375FE9CEE513}
		{270E9A38-94D0-458C-BEE7-0D9E76744478} = {74E8FDDC-A88E-4F5E-B2D4-AD2565C418EA}
		{06E85725-3617-49F4-97ED-D8204716E3B1} = {74E8FDDC-A88E-4F5E-B2D4-AD2565C418EA}
		{9840841D-C182-42F3-BCFA-BE2B6C3FE001} = {8EF651D5-0691-4BD3-9A37-BCF774CE0BB8}
		{45F4336C-2EE1-4B19-AB2E-D67CE67A2711} = {8EF651D5-0691-4BD3-9A37-BCF774CE0BB8}
		{4AF8E94F-BC5A-4329-8D08-BD7A7BD24591} = {87EDD203-761B-4118-87AB-63193AB4723C}
		{15DD5B8E-24FE-465E-B8ED-22C8217F5ADB} = {87EDD203-761B-4118-87AB-63193AB4723C}
		{AEC88329-27A3-413A-B95B-D345271B295C} = {6588790A-EBC1-4DF7-8671-EE3CE14318BF}
		{1DAD4AA8-B344-48E5-AC78-4AC1C2653FB0} = {6588790A-EBC1-4DF7-8671-EE3CE14318BF}
		{F3902F77-A93D-41EA-B95F-CF33367041F1} = {1F6F5AD6-552B-4D30-8269-FFAAE4229CB0}
	EndGlobalSection
EndGlobal
